
Microsoft Visual Studio Solution File, Format Version 12.00
# Visual Studio Version 17
VisualStudioVersion = 17.11.35303.130
MinimumVisualStudioVersion = 10.0.40219.1
Project("{FAE04EC0-301F-11D3-BF4B-00C04F79EFBC}") = "ai", "ai.csproj", "{AE8C8C0E-5681-4CD0-9CF3-206008D9B95A}"
EndProject
Global
	GlobalSection(SolutionConfigurationPlatforms) = preSolution
		Debug|Any CPU = Debug|Any CPU
		Release|Any CPU = Release|Any CPU
	EndGlobalSection
	GlobalSection(ProjectConfigurationPlatforms) = postSolution
		{AE8C8C0E-5681-4CD0-9CF3-206008D9B95A}.Debug|Any CPU.ActiveCfg = Debug|Any CPU
		{AE8C8C0E-5681-4CD0-9CF3-206008D9B95A}.Debug|Any CPU.Build.0 = Debug|Any CPU
		{AE8C8C0E-5681-4CD0-9CF3-206008D9B95A}.Release|Any CPU.ActiveCfg = Release|Any CPU
		{AE8C8C0E-5681-4CD0-9CF3-206008D9B95A}.Release|Any CPU.Build.0 = Release|Any CPU
	EndGlobalSection
	GlobalSection(SolutionProperties) = preSolution
		HideSolutionNode = FALSE
	EndGlobalSection
	GlobalSection(ExtensibilityGlobals) = postSolution
		SolutionGuid = {5CFD9CE1-5E5E-4E6E-BC7A-4C18A8462692}
	EndGlobalSection
EndGlobal
